
Microsoft Visual Studio Solution File, Format Version 12.00
# Visual Studio 15
VisualStudioVersion = 15.0.27703.2018
MinimumVisualStudioVersion = 10.0.40219.1
Project("{9A19103F-16F7-4668-BE54-9A1E7A4F7556}") = "SportsStore", "SportsStore\SportsStore.csproj", "{E3750A58-7FD6-4DF2-8CDC-3D5E75ACDBFA}"
EndProject
Project("{9A19103F-16F7-4668-BE54-9A1E7A4F7556}") = "SportsStore.Tests", "SportsStore.Tests\SportsStore.Tests.csproj", "{D9933FF7-8869-4DF5-99C2-0587A433137F}"
EndProject
Global
	GlobalSection(SolutionConfigurationPlatforms) = preSolution
		Debug|Any CPU = Debug|Any CPU
		Release|Any CPU = Release|Any CPU
	EndGlobalSection
	GlobalSection(ProjectConfigurationPlatforms) = postSolution
		{E3750A58-7FD6-4DF2-8CDC-3D5E75ACDBFA}.Debug|Any CPU.ActiveCfg = Debug|Any CPU
		{E3750A58-7FD6-4DF2-8CDC-3D5E75ACDBFA}.Debug|Any CPU.Build.0 = Debug|Any CPU
		{E3750A58-7FD6-4DF2-8CDC-3D5E75ACDBFA}.Release|Any CPU.ActiveCfg = Release|Any CPU
		{E3750A58-7FD6-4DF2-8CDC-3D5E75ACDBFA}.Release|Any CPU.Build.0 = Release|Any CPU
		{D9933FF7-8869-4DF5-99C2-0587A433137F}.Debug|Any CPU.ActiveCfg = Debug|Any CPU
		{D9933FF7-8869-4DF5-99C2-0587A433137F}.Debug|Any CPU.Build.0 = Debug|Any CPU
		{D9933FF7-8869-4DF5-99C2-0587A433137F}.Release|Any CPU.ActiveCfg = Release|Any CPU
		{D9933FF7-8869-4DF5-99C2-0587A433137F}.Release|Any CPU.Build.0 = Release|Any CPU
	EndGlobalSection
	GlobalSection(SolutionProperties) = preSolution
		HideSolutionNode = FALSE
	EndGlobalSection
	GlobalSection(ExtensibilityGlobals) = postSolution
		SolutionGuid = {013BB4DD-8020-47D8-822D-7D43C064A570}
	EndGlobalSection
EndGlobal
